
Microsoft Visual Studio Solution File, Format Version 12.00
# Visual Studio Version 17
VisualStudioVersion = 17.4.33103.184
MinimumVisualStudioVersion = 10.0.40219.1
Project("{9A19103F-16F7-4668-BE54-9A1E7A4F7556}") = "TechTestBackendCSharp", "TechTestBackendCSharp.csproj", "{6B37D94D-082D-4FE2-AD8E-C3F944D0AAF5}"
EndProject
Project("{FAE04EC0-301F-11D3-BF4B-00C04F79EFBC}") = "UnitTest", "..\UnitTest\UnitTest.csproj", "{4E036094-0408-4181-8577-BB70AF314F5D}"
EndProject
Global
	GlobalSection(SolutionConfigurationPlatforms) = preSolution
		Debug|Any CPU = Debug|Any CPU
		Release|Any CPU = Release|Any CPU
	EndGlobalSection
	GlobalSection(ProjectConfigurationPlatforms) = postSolution
		{6B37D94D-082D-4FE2-AD8E-C3F944D0AAF5}.Debug|Any CPU.ActiveCfg = Debug|Any CPU
		{6B37D94D-082D-4FE2-AD8E-C3F944D0AAF5}.Debug|Any CPU.Build.0 = Debug|Any CPU
		{6B37D94D-082D-4FE2-AD8E-C3F944D0AAF5}.Release|Any CPU.ActiveCfg = Release|Any CPU
		{6B37D94D-082D-4FE2-AD8E-C3F944D0AAF5}.Release|Any CPU.Build.0 = Release|Any CPU
		{4E036094-0408-4181-8577-BB70AF314F5D}.Debug|Any CPU.ActiveCfg = Debug|Any CPU
		{4E036094-0408-4181-8577-BB70AF314F5D}.Debug|Any CPU.Build.0 = Debug|Any CPU
		{4E036094-0408-4181-8577-BB70AF314F5D}.Release|Any CPU.ActiveCfg = Release|Any CPU
		{4E036094-0408-4181-8577-BB70AF314F5D}.Release|Any CPU.Build.0 = Release|Any CPU
	EndGlobalSection
	GlobalSection(SolutionProperties) = preSolution
		HideSolutionNode = FALSE
	EndGlobalSection
	GlobalSection(ExtensibilityGlobals) = postSolution
		SolutionGuid = {7662FE1E-B4A6-4DE2-9641-4E2EB10AC297}
	EndGlobalSection
EndGlobal
